
Microsoft Visual Studio Solution File, Format Version 12.00
# Visual Studio Version 17
VisualStudioVersion = 17.11.35327.3
MinimumVisualStudioVersion = 10.0.40219.1
Project("{FAE04EC0-301F-11D3-BF4B-00C04F79EFBC}") = "SuperShop", "SuperShop\SuperShop.csproj", "{588875B6-2903-4FEA-8766-3B05C7E084D9}"
EndProject
Global
	GlobalSection(SolutionConfigurationPlatforms) = preSolution
		Debug|Any CPU = Debug|Any CPU
		Release|Any CPU = Release|Any CPU
	EndGlobalSection
	GlobalSection(ProjectConfigurationPlatforms) = postSolution
		{588875B6-2903-4FEA-8766-3B05C7E084D9}.Debug|Any CPU.ActiveCfg = Debug|Any CPU
		{588875B6-2903-4FEA-8766-3B05C7E084D9}.Debug|Any CPU.Build.0 = Debug|Any CPU
		{588875B6-2903-4FEA-8766-3B05C7E084D9}.Release|Any CPU.ActiveCfg = Release|Any CPU
		{588875B6-2903-4FEA-8766-3B05C7E084D9}.Release|Any CPU.Build.0 = Release|Any CPU
	EndGlobalSection
	GlobalSection(SolutionProperties) = preSolution
		HideSolutionNode = FALSE
	EndGlobalSection
	GlobalSection(ExtensibilityGlobals) = postSolution
		SolutionGuid = {5A224ADD-3EBC-49C3-9433-B424A092F77E}
	EndGlobalSection
EndGlobal
